
Microsoft Visual Studio Solution File, Format Version 12.00
# Visual Studio 15
VisualStudioVersion = 15.0.28010.2019
MinimumVisualStudioVersion = 10.0.40219.1
Project("{FAE04EC0-301F-11D3-BF4B-00C04F79EFBC}") = "ProjetFractionDemo", "ProjetFractionDemo\ProjetFractionDemo.csproj", "{C38CC565-69A3-49D8-8BFA-D8583D0A67EB}"
EndProject
Global
	GlobalSection(SolutionConfigurationPlatforms) = preSolution
		Debug|Any CPU = Debug|Any CPU
		Release|Any CPU = Release|Any CPU
	EndGlobalSection
	GlobalSection(ProjectConfigurationPlatforms) = postSolution
		{C38CC565-69A3-49D8-8BFA-D8583D0A67EB}.Debug|Any CPU.ActiveCfg = Debug|Any CPU
		{C38CC565-69A3-49D8-8BFA-D8583D0A67EB}.Debug|Any CPU.Build.0 = Debug|Any CPU
		{C38CC565-69A3-49D8-8BFA-D8583D0A67EB}.Release|Any CPU.ActiveCfg = Release|Any CPU
		{C38CC565-69A3-49D8-8BFA-D8583D0A67EB}.Release|Any CPU.Build.0 = Release|Any CPU
	EndGlobalSection
	GlobalSection(SolutionProperties) = preSolution
		HideSolutionNode = FALSE
	EndGlobalSection
	GlobalSection(ExtensibilityGlobals) = postSolution
		SolutionGuid = {4B4CF2D8-60AA-470E-9E51-8B27B68BE704}
	EndGlobalSection
EndGlobal
